
Microsoft Visual Studio Solution File, Format Version 12.00
# Visual Studio Version 17
VisualStudioVersion = 17.3.32825.248
MinimumVisualStudioVersion = 10.0.40219.1
Project("{FAE04EC0-301F-11D3-BF4B-00C04F79EFBC}") = "Projeto QuerySQL", "Projeto QuerySQL\Projeto QuerySQL.csproj", "{1A01706E-C8B4-4D76-9E0E-235A3399DE59}"
EndProject
Global
	GlobalSection(SolutionConfigurationPlatforms) = preSolution
		Debug|Any CPU = Debug|Any CPU
		Release|Any CPU = Release|Any CPU
	EndGlobalSection
	GlobalSection(ProjectConfigurationPlatforms) = postSolution
		{1A01706E-C8B4-4D76-9E0E-235A3399DE59}.Debug|Any CPU.ActiveCfg = Debug|Any CPU
		{1A01706E-C8B4-4D76-9E0E-235A3399DE59}.Debug|Any CPU.Build.0 = Debug|Any CPU
		{1A01706E-C8B4-4D76-9E0E-235A3399DE59}.Release|Any CPU.ActiveCfg = Release|Any CPU
		{1A01706E-C8B4-4D76-9E0E-235A3399DE59}.Release|Any CPU.Build.0 = Release|Any CPU
	EndGlobalSection
	GlobalSection(SolutionProperties) = preSolution
		HideSolutionNode = FALSE
	EndGlobalSection
	GlobalSection(ExtensibilityGlobals) = postSolution
		SolutionGuid = {625BDDF7-CEBC-4042-8B4F-835B3D3F0AB0}
	EndGlobalSection
EndGlobal
